// !$*UTF8*$!
{
	archiveVersion = 1;
	classes = {
	};
	objectVersion = 50;
	objects = {

/* Begin PBXBuildFile section */
		3068E1D83D2D22442D6D8A90 /* Pods_SpoonfulUITests.framework in Frameworks */ = {isa = PBXBuildFile; fileRef = 9819AF2BF5A2D34975B0DB0D /* Pods_SpoonfulUITests.framework */; };
		8007DB5305B724A789FD9DB6 /* Pods_Spoonful.framework in Frameworks */ = {isa = PBXBuildFile; fileRef = 327DC4E57926A3C4325FA76D /* Pods_Spoonful.framework */; };
		94C0E15574CE55F881FB0AC2 /* Pods_SpoonfulTests.framework in Frameworks */ = {isa = PBXBuildFile; fileRef = 0AB7F51523507A71E163750A /* Pods_SpoonfulTests.framework */; };
		A11A7112215C260400602B52 /* MainViewController.swift in Sources */ = {isa = PBXBuildFile; fileRef = A11A7111215C260400602B52 /* MainViewController.swift */; };
		A11A711A215C260600602B52 /* LaunchScreen.storyboard in Resources */ = {isa = PBXBuildFile; fileRef = A11A7118215C260600602B52 /* LaunchScreen.storyboard */; };
		A11A7125215C260600602B52 /* SpoonfulTests.swift in Sources */ = {isa = PBXBuildFile; fileRef = A11A7124215C260600602B52 /* SpoonfulTests.swift */; };
		A11A7130215C260600602B52 /* SpoonfulUITests.swift in Sources */ = {isa = PBXBuildFile; fileRef = A11A712F215C260600602B52 /* SpoonfulUITests.swift */; };
		A11A713F215C26B600602B52 /* AppDelegate.swift in Sources */ = {isa = PBXBuildFile; fileRef = A11A713E215C26B600602B52 /* AppDelegate.swift */; };
		A11A7141215C26EA00602B52 /* Constants.swift in Sources */ = {isa = PBXBuildFile; fileRef = A11A7140215C26EA00602B52 /* Constants.swift */; };
		A1237FE2218E20460099173F /* CheckoutRow.swift in Sources */ = {isa = PBXBuildFile; fileRef = A1237FE1218E20460099173F /* CheckoutRow.swift */; };
		A1253280217F831A0077E2E2 /* NewOrderViewController.swift in Sources */ = {isa = PBXBuildFile; fileRef = A125327F217F831A0077E2E2 /* NewOrderViewController.swift */; };
		A1253282217F85BC0077E2E2 /* StripeController.swift in Sources */ = {isa = PBXBuildFile; fileRef = A1253281217F85BC0077E2E2 /* StripeController.swift */; };
		A1253284217F88470077E2E2 /* CustomerController.swift in Sources */ = {isa = PBXBuildFile; fileRef = A1253283217F88470077E2E2 /* CustomerController.swift */; };
		A1253286217F8C100077E2E2 /* CheckoutViewController.swift in Sources */ = {isa = PBXBuildFile; fileRef = A1253285217F8C100077E2E2 /* CheckoutViewController.swift */; };
		A1283B15217E5D4A004A8A3C /* Customer.swift in Sources */ = {isa = PBXBuildFile; fileRef = A1283B14217E5D4A004A8A3C /* Customer.swift */; };
		A152F16F2193787900B2EBC1 /* HighlightButton.swift in Sources */ = {isa = PBXBuildFile; fileRef = A152F16E2193787900B2EBC1 /* HighlightButton.swift */; };
		A152F1712195226400B2EBC1 /* OrderCompleteViewController.swift in Sources */ = {isa = PBXBuildFile; fileRef = A152F1702195226400B2EBC1 /* OrderCompleteViewController.swift */; };
		A152F17321952F2700B2EBC1 /* CheckLocationViewController.swift in Sources */ = {isa = PBXBuildFile; fileRef = A152F17221952F2700B2EBC1 /* CheckLocationViewController.swift */; };
		A152F17521962E9700B2EBC1 /* SpoonfulButton.swift in Sources */ = {isa = PBXBuildFile; fileRef = A152F17421962E9700B2EBC1 /* SpoonfulButton.swift */; };
		A152F178219B641700B2EBC1 /* universityOfUtah.gpx in Resources */ = {isa = PBXBuildFile; fileRef = A152F176219B641700B2EBC1 /* universityOfUtah.gpx */; };
		A152F179219B641700B2EBC1 /* SaltLakeCity.gpx in Resources */ = {isa = PBXBuildFile; fileRef = A152F177219B641700B2EBC1 /* SaltLakeCity.gpx */; };
		A152F17F219B682F00B2EBC1 /* ProfileMenuView.swift in Sources */ = {isa = PBXBuildFile; fileRef = A152F17E219B682F00B2EBC1 /* ProfileMenuView.swift */; };
		A152F185219F3D2F00B2EBC1 /* peace_sans.otf in Resources */ = {isa = PBXBuildFile; fileRef = A152F184219F3D2200B2EBC1 /* peace_sans.otf */; };
		A152F186219F3D3000B2EBC1 /* peace_sans.otf in Resources */ = {isa = PBXBuildFile; fileRef = A152F184219F3D2200B2EBC1 /* peace_sans.otf */; };
		A152F187219F3D3100B2EBC1 /* peace_sans.otf in Resources */ = {isa = PBXBuildFile; fileRef = A152F184219F3D2200B2EBC1 /* peace_sans.otf */; };
		A16A8513219F70CA000FE684 /* UserInputRow.swift in Sources */ = {isa = PBXBuildFile; fileRef = A16A8512219F70CA000FE684 /* UserInputRow.swift */; };
		A16A8515219F7F46000FE684 /* ContactInfoViewController.swift in Sources */ = {isa = PBXBuildFile; fileRef = A16A8514219F7F46000FE684 /* ContactInfoViewController.swift */; };
		A19930D821A35296004B632E /* GoogleService-Info.plist in Resources */ = {isa = PBXBuildFile; fileRef = A19930D721A35296004B632E /* GoogleService-Info.plist */; };
		A1A7912321841E590012A4C3 /* Order.swift in Sources */ = {isa = PBXBuildFile; fileRef = A1A7912221841E590012A4C3 /* Order.swift */; };
		A1A791272184252A0012A4C3 /* Cereal.swift in Sources */ = {isa = PBXBuildFile; fileRef = A1A791262184252A0012A4C3 /* Cereal.swift */; };
		A1A79129218427E70012A4C3 /* Milk.swift in Sources */ = {isa = PBXBuildFile; fileRef = A1A79128218427E60012A4C3 /* Milk.swift */; };
		A1A7912B218505480012A4C3 /* BowlCollectionViewCell.swift in Sources */ = {isa = PBXBuildFile; fileRef = A1A7912A218505480012A4C3 /* BowlCollectionViewCell.swift */; };
		A1A7912D21850A070012A4C3 /* Prices.swift in Sources */ = {isa = PBXBuildFile; fileRef = A1A7912C21850A070012A4C3 /* Prices.swift */; };
		A1A7912F218520FB0012A4C3 /* CerealCollectionViewCell.swift in Sources */ = {isa = PBXBuildFile; fileRef = A1A7912E218520FB0012A4C3 /* CerealCollectionViewCell.swift */; };
		A1A79131218538AA0012A4C3 /* MilkCollectionViewCell.swift in Sources */ = {isa = PBXBuildFile; fileRef = A1A79130218538AA0012A4C3 /* MilkCollectionViewCell.swift */; };
		A1A791332187D4F20012A4C3 /* Mock.swift in Sources */ = {isa = PBXBuildFile; fileRef = A1A791322187D4F20012A4C3 /* Mock.swift */; };
		A1A791352187E46E0012A4C3 /* Assets.xcassets in Resources */ = {isa = PBXBuildFile; fileRef = A1A791342187E46E0012A4C3 /* Assets.xcassets */; };
		A1D261D2219F987500FF4620 /* SelectionCollectionViewCell.swift in Sources */ = {isa = PBXBuildFile; fileRef = A1D261D1219F987500FF4620 /* SelectionCollectionViewCell.swift */; };
		A1D261D421A33DC200FF4620 /* Extensions.swift in Sources */ = {isa = PBXBuildFile; fileRef = A1D261D321A33DC200FF4620 /* Extensions.swift */; };
		A1D261D621A34BA200FF4620 /* OrderConfirmationViewController.swift in Sources */ = {isa = PBXBuildFile; fileRef = A1D261D521A34BA200FF4620 /* OrderConfirmationViewController.swift */; };
/* End PBXBuildFile section */

/* Begin PBXContainerItemProxy section */
		A11A7121215C260600602B52 /* PBXContainerItemProxy */ = {
			isa = PBXContainerItemProxy;
			containerPortal = A11A7104215C260400602B52 /* Project object */;
			proxyType = 1;
			remoteGlobalIDString = A11A710B215C260400602B52;
			remoteInfo = Spoonful;
		};
		A11A712C215C260600602B52 /* PBXContainerItemProxy */ = {
			isa = PBXContainerItemProxy;
			containerPortal = A11A7104215C260400602B52 /* Project object */;
			proxyType = 1;
			remoteGlobalIDString = A11A710B215C260400602B52;
			remoteInfo = Spoonful;
		};
/* End PBXContainerItemProxy section */

/* Begin PBXFileReference section */
		0AB7F51523507A71E163750A /* Pods_SpoonfulTests.framework */ = {isa = PBXFileReference; explicitFileType = wrapper.framework; includeInIndex = 0; path = Pods_SpoonfulTests.framework; sourceTree = BUILT_PRODUCTS_DIR; };
		2FB9A3813CF7EF462B5D84A1 /* Pods-SpoonfulUITests.release.xcconfig */ = {isa = PBXFileReference; includeInIndex = 1; lastKnownFileType = text.xcconfig; name = "Pods-SpoonfulUITests.release.xcconfig"; path = "Pods/Target Support Files/Pods-SpoonfulUITests/Pods-SpoonfulUITests.release.xcconfig"; sourceTree = "<group>"; };
		30E569B8F4EDFB1330DD4CFE /* Pods-Spoonful.release.xcconfig */ = {isa = PBXFileReference; includeInIndex = 1; lastKnownFileType = text.xcconfig; name = "Pods-Spoonful.release.xcconfig"; path = "Pods/Target Support Files/Pods-Spoonful/Pods-Spoonful.release.xcconfig"; sourceTree = "<group>"; };
		327DC4E57926A3C4325FA76D /* Pods_Spoonful.framework */ = {isa = PBXFileReference; explicitFileType = wrapper.framework; includeInIndex = 0; path = Pods_Spoonful.framework; sourceTree = BUILT_PRODUCTS_DIR; };
		9819AF2BF5A2D34975B0DB0D /* Pods_SpoonfulUITests.framework */ = {isa = PBXFileReference; explicitFileType = wrapper.framework; includeInIndex = 0; path = Pods_SpoonfulUITests.framework; sourceTree = BUILT_PRODUCTS_DIR; };
		A06C887DF76EFBCC49ECCAAA /* Pods-Spoonful.debug.xcconfig */ = {isa = PBXFileReference; includeInIndex = 1; lastKnownFileType = text.xcconfig; name = "Pods-Spoonful.debug.xcconfig"; path = "Pods/Target Support Files/Pods-Spoonful/Pods-Spoonful.debug.xcconfig"; sourceTree = "<group>"; };
		A11A710C215C260400602B52 /* Spoonful.app */ = {isa = PBXFileReference; explicitFileType = wrapper.application; includeInIndex = 0; path = Spoonful.app; sourceTree = BUILT_PRODUCTS_DIR; };
		A11A7111215C260400602B52 /* MainViewController.swift */ = {isa = PBXFileReference; lastKnownFileType = sourcecode.swift; path = MainViewController.swift; sourceTree = "<group>"; };
		A11A7119215C260600602B52 /* Base */ = {isa = PBXFileReference; lastKnownFileType = file.storyboard; name = Base; path = Base.lproj/LaunchScreen.storyboard; sourceTree = "<group>"; };
		A11A711B215C260600602B52 /* Info.plist */ = {isa = PBXFileReference; lastKnownFileType = text.plist.xml; path = Info.plist; sourceTree = "<group>"; };
		A11A7120215C260600602B52 /* SpoonfulTests.xctest */ = {isa = PBXFileReference; explicitFileType = wrapper.cfbundle; includeInIndex = 0; path = SpoonfulTests.xctest; sourceTree = BUILT_PRODUCTS_DIR; };
		A11A7124215C260600602B52 /* SpoonfulTests.swift */ = {isa = PBXFileReference; lastKnownFileType = sourcecode.swift; path = SpoonfulTests.swift; sourceTree = "<group>"; };
		A11A7126215C260600602B52 /* Info.plist */ = {isa = PBXFileReference; lastKnownFileType = text.plist.xml; path = Info.plist; sourceTree = "<group>"; };
		A11A712B215C260600602B52 /* SpoonfulUITests.xctest */ = {isa = PBXFileReference; explicitFileType = wrapper.cfbundle; includeInIndex = 0; path = SpoonfulUITests.xctest; sourceTree = BUILT_PRODUCTS_DIR; };
		A11A712F215C260600602B52 /* SpoonfulUITests.swift */ = {isa = PBXFileReference; lastKnownFileType = sourcecode.swift; path = SpoonfulUITests.swift; sourceTree = "<group>"; };
		A11A7131215C260600602B52 /* Info.plist */ = {isa = PBXFileReference; lastKnownFileType = text.plist.xml; path = Info.plist; sourceTree = "<group>"; };
		A11A713E215C26B600602B52 /* AppDelegate.swift */ = {isa = PBXFileReference; lastKnownFileType = sourcecode.swift; path = AppDelegate.swift; sourceTree = "<group>"; };
		A11A7140215C26EA00602B52 /* Constants.swift */ = {isa = PBXFileReference; lastKnownFileType = sourcecode.swift; path = Constants.swift; sourceTree = "<group>"; };
		A1237FE1218E20460099173F /* CheckoutRow.swift */ = {isa = PBXFileReference; lastKnownFileType = sourcecode.swift; path = CheckoutRow.swift; sourceTree = "<group>"; };
		A125327F217F831A0077E2E2 /* NewOrderViewController.swift */ = {isa = PBXFileReference; fileEncoding = 4; lastKnownFileType = sourcecode.swift; path = NewOrderViewController.swift; sourceTree = "<group>"; };
		A1253281217F85BC0077E2E2 /* StripeController.swift */ = {isa = PBXFileReference; lastKnownFileType = sourcecode.swift; path = StripeController.swift; sourceTree = "<group>"; };
		A1253283217F88470077E2E2 /* CustomerController.swift */ = {isa = PBXFileReference; lastKnownFileType = sourcecode.swift; path = CustomerController.swift; sourceTree = "<group>"; };
		A1253285217F8C100077E2E2 /* CheckoutViewController.swift */ = {isa = PBXFileReference; lastKnownFileType = sourcecode.swift; path = CheckoutViewController.swift; sourceTree = "<group>"; };
		A1283B14217E5D4A004A8A3C /* Customer.swift */ = {isa = PBXFileReference; lastKnownFileType = sourcecode.swift; path = Customer.swift; sourceTree = "<group>"; };
		A14550AF216BDD1E000F7673 /* Spoonful.entitlements */ = {isa = PBXFileReference; lastKnownFileType = text.plist.entitlements; path = Spoonful.entitlements; sourceTree = "<group>"; };
		A152F16E2193787900B2EBC1 /* HighlightButton.swift */ = {isa = PBXFileReference; lastKnownFileType = sourcecode.swift; path = HighlightButton.swift; sourceTree = "<group>"; };
		A152F1702195226400B2EBC1 /* OrderCompleteViewController.swift */ = {isa = PBXFileReference; lastKnownFileType = sourcecode.swift; path = OrderCompleteViewController.swift; sourceTree = "<group>"; };
		A152F17221952F2700B2EBC1 /* CheckLocationViewController.swift */ = {isa = PBXFileReference; lastKnownFileType = sourcecode.swift; path = CheckLocationViewController.swift; sourceTree = "<group>"; };
		A152F17421962E9700B2EBC1 /* SpoonfulButton.swift */ = {isa = PBXFileReference; lastKnownFileType = sourcecode.swift; path = SpoonfulButton.swift; sourceTree = "<group>"; };
		A152F176219B641700B2EBC1 /* universityOfUtah.gpx */ = {isa = PBXFileReference; fileEncoding = 4; lastKnownFileType = text.xml; path = universityOfUtah.gpx; sourceTree = "<group>"; };
		A152F177219B641700B2EBC1 /* SaltLakeCity.gpx */ = {isa = PBXFileReference; fileEncoding = 4; lastKnownFileType = text.xml; path = SaltLakeCity.gpx; sourceTree = "<group>"; };
		A152F17E219B682F00B2EBC1 /* ProfileMenuView.swift */ = {isa = PBXFileReference; lastKnownFileType = sourcecode.swift; path = ProfileMenuView.swift; sourceTree = "<group>"; };
		A152F184219F3D2200B2EBC1 /* peace_sans.otf */ = {isa = PBXFileReference; lastKnownFileType = file; path = peace_sans.otf; sourceTree = "<group>"; };
		A16A8512219F70CA000FE684 /* UserInputRow.swift */ = {isa = PBXFileReference; lastKnownFileType = sourcecode.swift; path = UserInputRow.swift; sourceTree = "<group>"; };
		A16A8514219F7F46000FE684 /* ContactInfoViewController.swift */ = {isa = PBXFileReference; lastKnownFileType = sourcecode.swift; path = ContactInfoViewController.swift; sourceTree = "<group>"; };
		A19930D721A35296004B632E /* GoogleService-Info.plist */ = {isa = PBXFileReference; fileEncoding = 4; lastKnownFileType = text.plist.xml; path = "GoogleService-Info.plist"; sourceTree = "<group>"; };
		A1A7912221841E590012A4C3 /* Order.swift */ = {isa = PBXFileReference; lastKnownFileType = sourcecode.swift; path = Order.swift; sourceTree = "<group>"; };
		A1A791262184252A0012A4C3 /* Cereal.swift */ = {isa = PBXFileReference; lastKnownFileType = sourcecode.swift; path = Cereal.swift; sourceTree = "<group>"; };
		A1A79128218427E60012A4C3 /* Milk.swift */ = {isa = PBXFileReference; lastKnownFileType = sourcecode.swift; path = Milk.swift; sourceTree = "<group>"; };
		A1A7912A218505480012A4C3 /* BowlCollectionViewCell.swift */ = {isa = PBXFileReference; lastKnownFileType = sourcecode.swift; path = BowlCollectionViewCell.swift; sourceTree = "<group>"; };
		A1A7912C21850A070012A4C3 /* Prices.swift */ = {isa = PBXFileReference; lastKnownFileType = sourcecode.swift; path = Prices.swift; sourceTree = "<group>"; };
		A1A7912E218520FB0012A4C3 /* CerealCollectionViewCell.swift */ = {isa = PBXFileReference; lastKnownFileType = sourcecode.swift; path = CerealCollectionViewCell.swift; sourceTree = "<group>"; };
		A1A79130218538AA0012A4C3 /* MilkCollectionViewCell.swift */ = {isa = PBXFileReference; lastKnownFileType = sourcecode.swift; path = MilkCollectionViewCell.swift; sourceTree = "<group>"; };
		A1A791322187D4F20012A4C3 /* Mock.swift */ = {isa = PBXFileReference; lastKnownFileType = sourcecode.swift; path = Mock.swift; sourceTree = "<group>"; };
		A1A791342187E46E0012A4C3 /* Assets.xcassets */ = {isa = PBXFileReference; lastKnownFileType = folder.assetcatalog; path = Assets.xcassets; sourceTree = "<group>"; };
		A1D261D1219F987500FF4620 /* SelectionCollectionViewCell.swift */ = {isa = PBXFileReference; lastKnownFileType = sourcecode.swift; path = SelectionCollectionViewCell.swift; sourceTree = "<group>"; };
		A1D261D321A33DC200FF4620 /* Extensions.swift */ = {isa = PBXFileReference; lastKnownFileType = sourcecode.swift; path = Extensions.swift; sourceTree = "<group>"; };
		A1D261D521A34BA200FF4620 /* OrderConfirmationViewController.swift */ = {isa = PBXFileReference; lastKnownFileType = sourcecode.swift; path = OrderConfirmationViewController.swift; sourceTree = "<group>"; };
		B94C9163E9C7189C5342E2F7 /* Pods-SpoonfulUITests.debug.xcconfig */ = {isa = PBXFileReference; includeInIndex = 1; lastKnownFileType = text.xcconfig; name = "Pods-SpoonfulUITests.debug.xcconfig"; path = "Pods/Target Support Files/Pods-SpoonfulUITests/Pods-SpoonfulUITests.debug.xcconfig"; sourceTree = "<group>"; };
		D7A27AF85224FA566747E702 /* Pods-SpoonfulTests.release.xcconfig */ = {isa = PBXFileReference; includeInIndex = 1; lastKnownFileType = text.xcconfig; name = "Pods-SpoonfulTests.release.xcconfig"; path = "Pods/Target Support Files/Pods-SpoonfulTests/Pods-SpoonfulTests.release.xcconfig"; sourceTree = "<group>"; };
		E67FE167BC9C514302BA800C /* Pods-SpoonfulTests.debug.xcconfig */ = {isa = PBXFileReference; includeInIndex = 1; lastKnownFileType = text.xcconfig; name = "Pods-SpoonfulTests.debug.xcconfig"; path = "Pods/Target Support Files/Pods-SpoonfulTests/Pods-SpoonfulTests.debug.xcconfig"; sourceTree = "<group>"; };
/* End PBXFileReference section */

/* Begin PBXFrameworksBuildPhase section */
		A11A7109215C260400602B52 /* Frameworks */ = {
			isa = PBXFrameworksBuildPhase;
			buildActionMask = 2147483647;
			files = (
				8007DB5305B724A789FD9DB6 /* Pods_Spoonful.framework in Frameworks */,
			);
			runOnlyForDeploymentPostprocessing = 0;
		};
		A11A711D215C260600602B52 /* Frameworks */ = {
			isa = PBXFrameworksBuildPhase;
			buildActionMask = 2147483647;
			files = (
				94C0E15574CE55F881FB0AC2 /* Pods_SpoonfulTests.framework in Frameworks */,
			);
			runOnlyForDeploymentPostprocessing = 0;
		};
		A11A7128215C260600602B52 /* Frameworks */ = {
			isa = PBXFrameworksBuildPhase;
			buildActionMask = 2147483647;
			files = (
				3068E1D83D2D22442D6D8A90 /* Pods_SpoonfulUITests.framework in Frameworks */,
			);
			runOnlyForDeploymentPostprocessing = 0;
		};
/* End PBXFrameworksBuildPhase section */

/* Begin PBXGroup section */
		9A3C1E030D3C79C55BCB407E /* Pods */ = {
			isa = PBXGroup;
			children = (
				A06C887DF76EFBCC49ECCAAA /* Pods-Spoonful.debug.xcconfig */,
				30E569B8F4EDFB1330DD4CFE /* Pods-Spoonful.release.xcconfig */,
				E67FE167BC9C514302BA800C /* Pods-SpoonfulTests.debug.xcconfig */,
				D7A27AF85224FA566747E702 /* Pods-SpoonfulTests.release.xcconfig */,
				B94C9163E9C7189C5342E2F7 /* Pods-SpoonfulUITests.debug.xcconfig */,
				2FB9A3813CF7EF462B5D84A1 /* Pods-SpoonfulUITests.release.xcconfig */,
			);
			name = Pods;
			sourceTree = "<group>";
		};
		A11A7103215C260400602B52 = {
			isa = PBXGroup;
			children = (
				A11A710E215C260400602B52 /* Spoonful */,
				A11A7123215C260600602B52 /* SpoonfulTests */,
				A11A712E215C260600602B52 /* SpoonfulUITests */,
				A11A710D215C260400602B52 /* Products */,
				9A3C1E030D3C79C55BCB407E /* Pods */,
				F8A58B57C47499318466FE7F /* Frameworks */,
			);
			sourceTree = "<group>";
		};
		A11A710D215C260400602B52 /* Products */ = {
			isa = PBXGroup;
			children = (
				A11A710C215C260400602B52 /* Spoonful.app */,
				A11A7120215C260600602B52 /* SpoonfulTests.xctest */,
				A11A712B215C260600602B52 /* SpoonfulUITests.xctest */,
			);
			name = Products;
			sourceTree = "<group>";
		};
		A11A710E215C260400602B52 /* Spoonful */ = {
			isa = PBXGroup;
			children = (
				A152F177219B641700B2EBC1 /* SaltLakeCity.gpx */,
				A152F176219B641700B2EBC1 /* universityOfUtah.gpx */,
				A14550AF216BDD1E000F7673 /* Spoonful.entitlements */,
				A11F79A5215EB4CB00B336EF /* View Controllers */,
				A11F79A4215EB4BE00B336EF /* Views */,
				A1253287217F96880077E2E2 /* Model Controllers */,
				A1283B16217E5D7F004A8A3C /* Models */,
				A1253281217F85BC0077E2E2 /* StripeController.swift */,
				A11A713D215C26A100602B52 /* Resources */,
			);
			path = Spoonful;
			sourceTree = "<group>";
		};
		A11A7123215C260600602B52 /* SpoonfulTests */ = {
			isa = PBXGroup;
			children = (
				A11A7124215C260600602B52 /* SpoonfulTests.swift */,
				A11A7126215C260600602B52 /* Info.plist */,
			);
			path = SpoonfulTests;
			sourceTree = "<group>";
		};
		A11A712E215C260600602B52 /* SpoonfulUITests */ = {
			isa = PBXGroup;
			children = (
				A11A712F215C260600602B52 /* SpoonfulUITests.swift */,
				A11A7131215C260600602B52 /* Info.plist */,
			);
			path = SpoonfulUITests;
			sourceTree = "<group>";
		};
		A11A713D215C26A100602B52 /* Resources */ = {
			isa = PBXGroup;
			children = (
				A152F183219F3D0C00B2EBC1 /* Fonts */,
				A1A791342187E46E0012A4C3 /* Assets.xcassets */,
				A11A7118215C260600602B52 /* LaunchScreen.storyboard */,
				A11A711B215C260600602B52 /* Info.plist */,
				A11A713E215C26B600602B52 /* AppDelegate.swift */,
				A11A7140215C26EA00602B52 /* Constants.swift */,
				A1A7912C21850A070012A4C3 /* Prices.swift */,
				A1A791322187D4F20012A4C3 /* Mock.swift */,
				A1D261D321A33DC200FF4620 /* Extensions.swift */,
				A19930D721A35296004B632E /* GoogleService-Info.plist */,
			);
			path = Resources;
			sourceTree = "<group>";
		};
		A11F79A4215EB4BE00B336EF /* Views */ = {
			isa = PBXGroup;
			children = (
				A152F17E219B682F00B2EBC1 /* ProfileMenuView.swift */,
				A1D261D0219F985100FF4620 /* CollectionView Cells */,
				A1237FE1218E20460099173F /* CheckoutRow.swift */,
				A16A8512219F70CA000FE684 /* UserInputRow.swift */,
				A152F182219B690100B2EBC1 /* Buttons */,
			);
			path = Views;
			sourceTree = "<group>";
		};
		A11F79A5215EB4CB00B336EF /* View Controllers */ = {
			isa = PBXGroup;
			children = (
				A11A7111215C260400602B52 /* MainViewController.swift */,
				A152F17221952F2700B2EBC1 /* CheckLocationViewController.swift */,
				A125327F217F831A0077E2E2 /* NewOrderViewController.swift */,
				A1253285217F8C100077E2E2 /* CheckoutViewController.swift */,
				A16A8514219F7F46000FE684 /* ContactInfoViewController.swift */,
				A152F1702195226400B2EBC1 /* OrderCompleteViewController.swift */,
				A1D261D521A34BA200FF4620 /* OrderConfirmationViewController.swift */,
			);
			path = "View Controllers";
			sourceTree = "<group>";
		};
		A1253287217F96880077E2E2 /* Model Controllers */ = {
			isa = PBXGroup;
			children = (
				A1253283217F88470077E2E2 /* CustomerController.swift */,
			);
			path = "Model Controllers";
			sourceTree = "<group>";
		};
		A1283B16217E5D7F004A8A3C /* Models */ = {
			isa = PBXGroup;
			children = (
				A1283B14217E5D4A004A8A3C /* Customer.swift */,
				A1A7912221841E590012A4C3 /* Order.swift */,
				A1A791262184252A0012A4C3 /* Cereal.swift */,
				A1A79128218427E60012A4C3 /* Milk.swift */,
			);
			path = Models;
			sourceTree = "<group>";
		};
		A152F182219B690100B2EBC1 /* Buttons */ = {
			isa = PBXGroup;
			children = (
				A152F16E2193787900B2EBC1 /* HighlightButton.swift */,
				A152F17421962E9700B2EBC1 /* SpoonfulButton.swift */,
			);
			path = Buttons;
			sourceTree = "<group>";
		};
		A152F183219F3D0C00B2EBC1 /* Fonts */ = {
			isa = PBXGroup;
			children = (
				A152F184219F3D2200B2EBC1 /* peace_sans.otf */,
			);
			path = Fonts;
			sourceTree = "<group>";
		};
		A1D261D0219F985100FF4620 /* CollectionView Cells */ = {
			isa = PBXGroup;
			children = (
				A1A7912A218505480012A4C3 /* BowlCollectionViewCell.swift */,
				A1A7912E218520FB0012A4C3 /* CerealCollectionViewCell.swift */,
				A1A79130218538AA0012A4C3 /* MilkCollectionViewCell.swift */,
				A1D261D1219F987500FF4620 /* SelectionCollectionViewCell.swift */,
			);
			path = "CollectionView Cells";
			sourceTree = "<group>";
		};
		F8A58B57C47499318466FE7F /* Frameworks */ = {
			isa = PBXGroup;
			children = (
				327DC4E57926A3C4325FA76D /* Pods_Spoonful.framework */,
				0AB7F51523507A71E163750A /* Pods_SpoonfulTests.framework */,
				9819AF2BF5A2D34975B0DB0D /* Pods_SpoonfulUITests.framework */,
			);
			name = Frameworks;
			sourceTree = "<group>";
		};
/* End PBXGroup section */

/* Begin PBXNativeTarget section */
		A11A710B215C260400602B52 /* Spoonful */ = {
			isa = PBXNativeTarget;
			buildConfigurationList = A11A7134215C260600602B52 /* Build configuration list for PBXNativeTarget "Spoonful" */;
			buildPhases = (
				56E0433A0857EBEE6BCD3E61 /* [CP] Check Pods Manifest.lock */,
				A11A7108215C260400602B52 /* Sources */,
				A11A7109215C260400602B52 /* Frameworks */,
				A11A710A215C260400602B52 /* Resources */,
				30F74E941B5ACC7B5B06CBF3 /* [CP] Embed Pods Frameworks */,
			);
			buildRules = (
			);
			dependencies = (
			);
			name = Spoonful;
			productName = Spoonful;
			productReference = A11A710C215C260400602B52 /* Spoonful.app */;
			productType = "com.apple.product-type.application";
		};
		A11A711F215C260600602B52 /* SpoonfulTests */ = {
			isa = PBXNativeTarget;
			buildConfigurationList = A11A7137215C260600602B52 /* Build configuration list for PBXNativeTarget "SpoonfulTests" */;
			buildPhases = (
				DD4F6F9DBE966DC580531A98 /* [CP] Check Pods Manifest.lock */,
				A11A711C215C260600602B52 /* Sources */,
				A11A711D215C260600602B52 /* Frameworks */,
				A11A711E215C260600602B52 /* Resources */,
			);
			buildRules = (
			);
			dependencies = (
				A11A7122215C260600602B52 /* PBXTargetDependency */,
			);
			name = SpoonfulTests;
			productName = SpoonfulTests;
			productReference = A11A7120215C260600602B52 /* SpoonfulTests.xctest */;
			productType = "com.apple.product-type.bundle.unit-test";
		};
		A11A712A215C260600602B52 /* SpoonfulUITests */ = {
			isa = PBXNativeTarget;
			buildConfigurationList = A11A713A215C260600602B52 /* Build configuration list for PBXNativeTarget "SpoonfulUITests" */;
			buildPhases = (
				260D2CF5A190624E4712B43D /* [CP] Check Pods Manifest.lock */,
				A11A7127215C260600602B52 /* Sources */,
				A11A7128215C260600602B52 /* Frameworks */,
				A11A7129215C260600602B52 /* Resources */,
			);
			buildRules = (
			);
			dependencies = (
				A11A712D215C260600602B52 /* PBXTargetDependency */,
			);
			name = SpoonfulUITests;
			productName = SpoonfulUITests;
			productReference = A11A712B215C260600602B52 /* SpoonfulUITests.xctest */;
			productType = "com.apple.product-type.bundle.ui-testing";
		};
/* End PBXNativeTarget section */

/* Begin PBXProject section */
		A11A7104215C260400602B52 /* Project object */ = {
			isa = PBXProject;
			attributes = {
				LastSwiftUpdateCheck = 1000;
				LastUpgradeCheck = 1000;
				ORGANIZATIONNAME = "Jake Gray";
				TargetAttributes = {
					A11A710B215C260400602B52 = {
						CreatedOnToolsVersion = 10.0;
						SystemCapabilities = {
							com.apple.ApplePay = {
								enabled = 1;
							};
						};
					};
					A11A711F215C260600602B52 = {
						CreatedOnToolsVersion = 10.0;
						TestTargetID = A11A710B215C260400602B52;
					};
					A11A712A215C260600602B52 = {
						CreatedOnToolsVersion = 10.0;
						TestTargetID = A11A710B215C260400602B52;
					};
				};
			};
			buildConfigurationList = A11A7107215C260400602B52 /* Build configuration list for PBXProject "Spoonful" */;
			compatibilityVersion = "Xcode 9.3";
			developmentRegion = en;
			hasScannedForEncodings = 0;
			knownRegions = (
				en,
				Base,
			);
			mainGroup = A11A7103215C260400602B52;
			productRefGroup = A11A710D215C260400602B52 /* Products */;
			projectDirPath = "";
			projectRoot = "";
			targets = (
				A11A710B215C260400602B52 /* Spoonful */,
				A11A711F215C260600602B52 /* SpoonfulTests */,
				A11A712A215C260600602B52 /* SpoonfulUITests */,
			);
		};
/* End PBXProject section */

/* Begin PBXResourcesBuildPhase section */
		A11A710A215C260400602B52 /* Resources */ = {
			isa = PBXResourcesBuildPhase;
			buildActionMask = 2147483647;
			files = (
				A1A791352187E46E0012A4C3 /* Assets.xcassets in Resources */,
				A152F178219B641700B2EBC1 /* universityOfUtah.gpx in Resources */,
				A11A711A215C260600602B52 /* LaunchScreen.storyboard in Resources */,
				A152F179219B641700B2EBC1 /* SaltLakeCity.gpx in Resources */,
				A152F185219F3D2F00B2EBC1 /* peace_sans.otf in Resources */,
				A19930D821A35296004B632E /* GoogleService-Info.plist in Resources */,
			);
			runOnlyForDeploymentPostprocessing = 0;
		};
		A11A711E215C260600602B52 /* Resources */ = {
			isa = PBXResourcesBuildPhase;
			buildActionMask = 2147483647;
			files = (
				A152F186219F3D3000B2EBC1 /* peace_sans.otf in Resources */,
			);
			runOnlyForDeploymentPostprocessing = 0;
		};
		A11A7129215C260600602B52 /* Resources */ = {
			isa = PBXResourcesBuildPhase;
			buildActionMask = 2147483647;
			files = (
				A152F187219F3D3100B2EBC1 /* peace_sans.otf in Resources */,
			);
			runOnlyForDeploymentPostprocessing = 0;
		};
/* End PBXResourcesBuildPhase section */

/* Begin PBXShellScriptBuildPhase section */
		260D2CF5A190624E4712B43D /* [CP] Check Pods Manifest.lock */ = {
			isa = PBXShellScriptBuildPhase;
			buildActionMask = 2147483647;
			files = (
			);
			inputPaths = (
				"${PODS_PODFILE_DIR_PATH}/Podfile.lock",
				"${PODS_ROOT}/Manifest.lock",
			);
			name = "[CP] Check Pods Manifest.lock";
			outputPaths = (
				"$(DERIVED_FILE_DIR)/Pods-SpoonfulUITests-checkManifestLockResult.txt",
			);
			runOnlyForDeploymentPostprocessing = 0;
			shellPath = /bin/sh;
			shellScript = "diff \"${PODS_PODFILE_DIR_PATH}/Podfile.lock\" \"${PODS_ROOT}/Manifest.lock\" > /dev/null\nif [ $? != 0 ] ; then\n    # print error to STDERR\n    echo \"error: The sandbox is not in sync with the Podfile.lock. Run 'pod install' or update your CocoaPods installation.\" >&2\n    exit 1\nfi\n# This output is used by Xcode 'outputs' to avoid re-running this script phase.\necho \"SUCCESS\" > \"${SCRIPT_OUTPUT_FILE_0}\"\n";
			showEnvVarsInLog = 0;
		};
		30F74E941B5ACC7B5B06CBF3 /* [CP] Embed Pods Frameworks */ = {
			isa = PBXShellScriptBuildPhase;
			buildActionMask = 2147483647;
			files = (
			);
			inputPaths = (
				"${SRCROOT}/Pods/Target Support Files/Pods-Spoonful/Pods-Spoonful-frameworks.sh",
				"${BUILT_PRODUCTS_DIR}/Alamofire/Alamofire.framework",
				"${BUILT_PRODUCTS_DIR}/GoogleUtilities/GoogleUtilities.framework",
				"${BUILT_PRODUCTS_DIR}/Stripe/Stripe.framework",
				"${BUILT_PRODUCTS_DIR}/nanopb/nanopb.framework",
			);
			name = "[CP] Embed Pods Frameworks";
			outputPaths = (
				"${TARGET_BUILD_DIR}/${FRAMEWORKS_FOLDER_PATH}/Alamofire.framework",
				"${TARGET_BUILD_DIR}/${FRAMEWORKS_FOLDER_PATH}/GoogleUtilities.framework",
				"${TARGET_BUILD_DIR}/${FRAMEWORKS_FOLDER_PATH}/Stripe.framework",
				"${TARGET_BUILD_DIR}/${FRAMEWORKS_FOLDER_PATH}/nanopb.framework",
			);
			runOnlyForDeploymentPostprocessing = 0;
			shellPath = /bin/sh;
			shellScript = "\"${SRCROOT}/Pods/Target Support Files/Pods-Spoonful/Pods-Spoonful-frameworks.sh\"\n";
			showEnvVarsInLog = 0;
		};
		56E0433A0857EBEE6BCD3E61 /* [CP] Check Pods Manifest.lock */ = {
			isa = PBXShellScriptBuildPhase;
			buildActionMask = 2147483647;
			files = (
			);
			inputPaths = (
				"${PODS_PODFILE_DIR_PATH}/Podfile.lock",
				"${PODS_ROOT}/Manifest.lock",
			);
			name = "[CP] Check Pods Manifest.lock";
			outputPaths = (
				"$(DERIVED_FILE_DIR)/Pods-Spoonful-checkManifestLockResult.txt",
			);
			runOnlyForDeploymentPostprocessing = 0;
			shellPath = /bin/sh;
			shellScript = "diff \"${PODS_PODFILE_DIR_PATH}/Podfile.lock\" \"${PODS_ROOT}/Manifest.lock\" > /dev/null\nif [ $? != 0 ] ; then\n    # print error to STDERR\n    echo \"error: The sandbox is not in sync with the Podfile.lock. Run 'pod install' or update your CocoaPods installation.\" >&2\n    exit 1\nfi\n# This output is used by Xcode 'outputs' to avoid re-running this script phase.\necho \"SUCCESS\" > \"${SCRIPT_OUTPUT_FILE_0}\"\n";
			showEnvVarsInLog = 0;
		};
		DD4F6F9DBE966DC580531A98 /* [CP] Check Pods Manifest.lock */ = {
			isa = PBXShellScriptBuildPhase;
			buildActionMask = 2147483647;
			files = (
			);
			inputPaths = (
				"${PODS_PODFILE_DIR_PATH}/Podfile.lock",
				"${PODS_ROOT}/Manifest.lock",
			);
			name = "[CP] Check Pods Manifest.lock";
			outputPaths = (
				"$(DERIVED_FILE_DIR)/Pods-SpoonfulTests-checkManifestLockResult.txt",
			);
			runOnlyForDeploymentPostprocessing = 0;
			shellPath = /bin/sh;
			shellScript = "diff \"${PODS_PODFILE_DIR_PATH}/Podfile.lock\" \"${PODS_ROOT}/Manifest.lock\" > /dev/null\nif [ $? != 0 ] ; then\n    # print error to STDERR\n    echo \"error: The sandbox is not in sync with the Podfile.lock. Run 'pod install' or update your CocoaPods installation.\" >&2\n    exit 1\nfi\n# This output is used by Xcode 'outputs' to avoid re-running this script phase.\necho \"SUCCESS\" > \"${SCRIPT_OUTPUT_FILE_0}\"\n";
			showEnvVarsInLog = 0;
		};
/* End PBXShellScriptBuildPhase section */

/* Begin PBXSourcesBuildPhase section */
		A11A7108215C260400602B52 /* Sources */ = {
			isa = PBXSourcesBuildPhase;
			buildActionMask = 2147483647;
			files = (
				A1253284217F88470077E2E2 /* CustomerController.swift in Sources */,
				A1D261D421A33DC200FF4620 /* Extensions.swift in Sources */,
				A152F17521962E9700B2EBC1 /* SpoonfulButton.swift in Sources */,
				A1A7912D21850A070012A4C3 /* Prices.swift in Sources */,
				A1D261D621A34BA200FF4620 /* OrderConfirmationViewController.swift in Sources */,
				A16A8515219F7F46000FE684 /* ContactInfoViewController.swift in Sources */,
				A1A7912321841E590012A4C3 /* Order.swift in Sources */,
				A1237FE2218E20460099173F /* CheckoutRow.swift in Sources */,
				A1A791332187D4F20012A4C3 /* Mock.swift in Sources */,
				A1A7912F218520FB0012A4C3 /* CerealCollectionViewCell.swift in Sources */,
				A1A791272184252A0012A4C3 /* Cereal.swift in Sources */,
				A152F16F2193787900B2EBC1 /* HighlightButton.swift in Sources */,
				A152F17F219B682F00B2EBC1 /* ProfileMenuView.swift in Sources */,
				A1253280217F831A0077E2E2 /* NewOrderViewController.swift in Sources */,
				A16A8513219F70CA000FE684 /* UserInputRow.swift in Sources */,
				A152F17321952F2700B2EBC1 /* CheckLocationViewController.swift in Sources */,
				A11A713F215C26B600602B52 /* AppDelegate.swift in Sources */,
				A11A7112215C260400602B52 /* MainViewController.swift in Sources */,
				A1D261D2219F987500FF4620 /* SelectionCollectionViewCell.swift in Sources */,
				A152F1712195226400B2EBC1 /* OrderCompleteViewController.swift in Sources */,
				A1A7912B218505480012A4C3 /* BowlCollectionViewCell.swift in Sources */,
				A1283B15217E5D4A004A8A3C /* Customer.swift in Sources */,
				A1A79131218538AA0012A4C3 /* MilkCollectionViewCell.swift in Sources */,
				A1A79129218427E70012A4C3 /* Milk.swift in Sources */,
				A11A7141215C26EA00602B52 /* Constants.swift in Sources */,
				A1253286217F8C100077E2E2 /* CheckoutViewController.swift in Sources */,
				A1253282217F85BC0077E2E2 /* StripeController.swift in Sources */,
			);
			runOnlyForDeploymentPostprocessing = 0;
		};
		A11A711C215C260600602B52 /* Sources */ = {
			isa = PBXSourcesBuildPhase;
			buildActionMask = 2147483647;
			files = (
				A11A7125215C260600602B52 /* SpoonfulTests.swift in Sources */,
			);
			runOnlyForDeploymentPostprocessing = 0;
		};
		A11A7127215C260600602B52 /* Sources */ = {
			isa = PBXSourcesBuildPhase;
			buildActionMask = 2147483647;
			files = (
				A11A7130215C260600602B52 /* SpoonfulUITests.swift in Sources */,
			);
			runOnlyForDeploymentPostprocessing = 0;
		};
/* End PBXSourcesBuildPhase section */

/* Begin PBXTargetDependency section */
		A11A7122215C260600602B52 /* PBXTargetDependency */ = {
			isa = PBXTargetDependency;
			target = A11A710B215C260400602B52 /* Spoonful */;
			targetProxy = A11A7121215C260600602B52 /* PBXContainerItemProxy */;
		};
		A11A712D215C260600602B52 /* PBXTargetDependency */ = {
			isa = PBXTargetDependency;
			target = A11A710B215C260400602B52 /* Spoonful */;
			targetProxy = A11A712C215C260600602B52 /* PBXContainerItemProxy */;
		};
/* End PBXTargetDependency section */

/* Begin PBXVariantGroup section */
		A11A7118215C260600602B52 /* LaunchScreen.storyboard */ = {
			isa = PBXVariantGroup;
			children = (
				A11A7119215C260600602B52 /* Base */,
			);
			name = LaunchScreen.storyboard;
			sourceTree = "<group>";
		};
/* End PBXVariantGroup section */

/* Begin XCBuildConfiguration section */
		A11A7132215C260600602B52 /* Debug */ = {
			isa = XCBuildConfiguration;
			buildSettings = {
				ALWAYS_SEARCH_USER_PATHS = NO;
				CLANG_ANALYZER_NONNULL = YES;
				CLANG_ANALYZER_NUMBER_OBJECT_CONVERSION = YES_AGGRESSIVE;
				CLANG_CXX_LANGUAGE_STANDARD = "gnu++14";
				CLANG_CXX_LIBRARY = "libc++";
				CLANG_ENABLE_MODULES = YES;
				CLANG_ENABLE_OBJC_ARC = YES;
				CLANG_ENABLE_OBJC_WEAK = YES;
				CLANG_WARN_BLOCK_CAPTURE_AUTORELEASING = YES;
				CLANG_WARN_BOOL_CONVERSION = YES;
				CLANG_WARN_COMMA = YES;
				CLANG_WARN_CONSTANT_CONVERSION = YES;
				CLANG_WARN_DEPRECATED_OBJC_IMPLEMENTATIONS = YES;
				CLANG_WARN_DIRECT_OBJC_ISA_USAGE = YES_ERROR;
				CLANG_WARN_DOCUMENTATION_COMMENTS = YES;
				CLANG_WARN_EMPTY_BODY = YES;
				CLANG_WARN_ENUM_CONVERSION = YES;
				CLANG_WARN_INFINITE_RECURSION = YES;
				CLANG_WARN_INT_CONVERSION = YES;
				CLANG_WARN_NON_LITERAL_NULL_CONVERSION = YES;
				CLANG_WARN_OBJC_IMPLICIT_RETAIN_SELF = YES;
				CLANG_WARN_OBJC_LITERAL_CONVERSION = YES;
				CLANG_WARN_OBJC_ROOT_CLASS = YES_ERROR;
				CLANG_WARN_RANGE_LOOP_ANALYSIS = YES;
				CLANG_WARN_STRICT_PROTOTYPES = YES;
				CLANG_WARN_SUSPICIOUS_MOVE = YES;
				CLANG_WARN_UNGUARDED_AVAILABILITY = YES_AGGRESSIVE;
				CLANG_WARN_UNREACHABLE_CODE = YES;
				CLANG_WARN__DUPLICATE_METHOD_MATCH = YES;
				CODE_SIGN_IDENTITY = "iPhone Developer";
				COPY_PHASE_STRIP = NO;
				DEBUG_INFORMATION_FORMAT = dwarf;
				ENABLE_STRICT_OBJC_MSGSEND = YES;
				ENABLE_TESTABILITY = YES;
				GCC_C_LANGUAGE_STANDARD = gnu11;
				GCC_DYNAMIC_NO_PIC = NO;
				GCC_NO_COMMON_BLOCKS = YES;
				GCC_OPTIMIZATION_LEVEL = 0;
				GCC_PREPROCESSOR_DEFINITIONS = (
					"DEBUG=1",
					"$(inherited)",
				);
				GCC_WARN_64_TO_32_BIT_CONVERSION = YES;
				GCC_WARN_ABOUT_RETURN_TYPE = YES_ERROR;
				GCC_WARN_UNDECLARED_SELECTOR = YES;
				GCC_WARN_UNINITIALIZED_AUTOS = YES_AGGRESSIVE;
				GCC_WARN_UNUSED_FUNCTION = YES;
				GCC_WARN_UNUSED_VARIABLE = YES;
				IPHONEOS_DEPLOYMENT_TARGET = 12.0;
				MTL_ENABLE_DEBUG_INFO = INCLUDE_SOURCE;
				MTL_FAST_MATH = YES;
				ONLY_ACTIVE_ARCH = YES;
				SDKROOT = iphoneos;
				SWIFT_ACTIVE_COMPILATION_CONDITIONS = DEBUG;
				SWIFT_OPTIMIZATION_LEVEL = "-Onone";
			};
			name = Debug;
		};
		A11A7133215C260600602B52 /* Release */ = {
			isa = XCBuildConfiguration;
			buildSettings = {
				ALWAYS_SEARCH_USER_PATHS = NO;
				CLANG_ANALYZER_NONNULL = YES;
				CLANG_ANALYZER_NUMBER_OBJECT_CONVERSION = YES_AGGRESSIVE;
				CLANG_CXX_LANGUAGE_STANDARD = "gnu++14";
				CLANG_CXX_LIBRARY = "libc++";
				CLANG_ENABLE_MODULES = YES;
				CLANG_ENABLE_OBJC_ARC = YES;
				CLANG_ENABLE_OBJC_WEAK = YES;
				CLANG_WARN_BLOCK_CAPTURE_AUTORELEASING = YES;
				CLANG_WARN_BOOL_CONVERSION = YES;
				CLANG_WARN_COMMA = YES;
				CLANG_WARN_CONSTANT_CONVERSION = YES;
				CLANG_WARN_DEPRECATED_OBJC_IMPLEMENTATIONS = YES;
				CLANG_WARN_DIRECT_OBJC_ISA_USAGE = YES_ERROR;
				CLANG_WARN_DOCUMENTATION_COMMENTS = YES;
				CLANG_WARN_EMPTY_BODY = YES;
				CLANG_WARN_ENUM_CONVERSION = YES;
				CLANG_WARN_INFINITE_RECURSION = YES;
				CLANG_WARN_INT_CONVERSION = YES;
				CLANG_WARN_NON_LITERAL_NULL_CONVERSION = YES;
				CLANG_WARN_OBJC_IMPLICIT_RETAIN_SELF = YES;
				CLANG_WARN_OBJC_LITERAL_CONVERSION = YES;
				CLANG_WARN_OBJC_ROOT_CLASS = YES_ERROR;
				CLANG_WARN_RANGE_LOOP_ANALYSIS = YES;
				CLANG_WARN_STRICT_PROTOTYPES = YES;
				CLANG_WARN_SUSPICIOUS_MOVE = YES;
				CLANG_WARN_UNGUARDED_AVAILABILITY = YES_AGGRESSIVE;
				CLANG_WARN_UNREACHABLE_CODE = YES;
				CLANG_WARN__DUPLICATE_METHOD_MATCH = YES;
				CODE_SIGN_IDENTITY = "iPhone Developer";
				COPY_PHASE_STRIP = NO;
				DEBUG_INFORMATION_FORMAT = "dwarf-with-dsym";
				ENABLE_NS_ASSERTIONS = NO;
				ENABLE_STRICT_OBJC_MSGSEND = YES;
				GCC_C_LANGUAGE_STANDARD = gnu11;
				GCC_NO_COMMON_BLOCKS = YES;
				GCC_WARN_64_TO_32_BIT_CONVERSION = YES;
				GCC_WARN_ABOUT_RETURN_TYPE = YES_ERROR;
				GCC_WARN_UNDECLARED_SELECTOR = YES;
				GCC_WARN_UNINITIALIZED_AUTOS = YES_AGGRESSIVE;
				GCC_WARN_UNUSED_FUNCTION = YES;
				GCC_WARN_UNUSED_VARIABLE = YES;
				IPHONEOS_DEPLOYMENT_TARGET = 12.0;
				MTL_ENABLE_DEBUG_INFO = NO;
				MTL_FAST_MATH = YES;
				SDKROOT = iphoneos;
				SWIFT_COMPILATION_MODE = wholemodule;
				SWIFT_OPTIMIZATION_LEVEL = "-O";
				VALIDATE_PRODUCT = YES;
			};
			name = Release;
		};
		A11A7135215C260600602B52 /* Debug */ = {
			isa = XCBuildConfiguration;
			baseConfigurationReference = A06C887DF76EFBCC49ECCAAA /* Pods-Spoonful.debug.xcconfig */;
			buildSettings = {
				ASSETCATALOG_COMPILER_APPICON_NAME = AppIcon;
				CODE_SIGN_ENTITLEMENTS = Spoonful/Spoonful.entitlements;
				CODE_SIGN_STYLE = Automatic;
				DEVELOPMENT_TEAM = 6K47ASRSPN;
				INFOPLIST_FILE = "$(SRCROOT)/Spoonful/Resources/Info.plist";
				LD_RUNPATH_SEARCH_PATHS = (
					"$(inherited)",
					"@executable_path/Frameworks",
				);
				PRODUCT_BUNDLE_IDENTIFIER = com.Skybridge.Spoonful;
				PRODUCT_NAME = "$(TARGET_NAME)";
				SWIFT_VERSION = 4.2;
				TARGETED_DEVICE_FAMILY = "1,2";
			};
			name = Debug;
		};
		A11A7136215C260600602B52 /* Release */ = {
			isa = XCBuildConfiguration;
			baseConfigurationReference = 30E569B8F4EDFB1330DD4CFE /* Pods-Spoonful.release.xcconfig */;
			buildSettings = {
				ASSETCATALOG_COMPILER_APPICON_NAME = AppIcon;
				CODE_SIGN_ENTITLEMENTS = Spoonful/Spoonful.entitlements;
				CODE_SIGN_STYLE = Automatic;
				DEVELOPMENT_TEAM = 6K47ASRSPN;
				INFOPLIST_FILE = "$(SRCROOT)/Spoonful/Resources/Info.plist";
				LD_RUNPATH_SEARCH_PATHS = (
					"$(inherited)",
					"@executable_path/Frameworks",
				);
				PRODUCT_BUNDLE_IDENTIFIER = com.Skybridge.Spoonful;
				PRODUCT_NAME = "$(TARGET_NAME)";
				SWIFT_VERSION = 4.2;
				TARGETED_DEVICE_FAMILY = "1,2";
			};
			name = Release;
		};
		A11A7138215C260600602B52 /* Debug */ = {
			isa = XCBuildConfiguration;
			baseConfigurationReference = E67FE167BC9C514302BA800C /* Pods-SpoonfulTests.debug.xcconfig */;
			buildSettings = {
				ALWAYS_EMBED_SWIFT_STANDARD_LIBRARIES = YES;
				BUNDLE_LOADER = "$(TEST_HOST)";
				CODE_SIGN_STYLE = Automatic;
				DEVELOPMENT_TEAM = 6K47ASRSPN;
				INFOPLIST_FILE = SpoonfulTests/Info.plist;
				LD_RUNPATH_SEARCH_PATHS = (
					"$(inherited)",
					"@executable_path/Frameworks",
					"@loader_path/Frameworks",
				);
				PRODUCT_BUNDLE_IDENTIFIER = com.Skybridge.SpoonfulTests;
				PRODUCT_NAME = "$(TARGET_NAME)";
				SWIFT_VERSION = 4.2;
				TARGETED_DEVICE_FAMILY = "1,2";
				TEST_HOST = "$(BUILT_PRODUCTS_DIR)/Spoonful.app/Spoonful";
			};
			name = Debug;
		};
		A11A7139215C260600602B52 /* Release */ = {
			isa = XCBuildConfiguration;
			baseConfigurationReference = D7A27AF85224FA566747E702 /* Pods-SpoonfulTests.release.xcconfig */;
			buildSettings = {
				ALWAYS_EMBED_SWIFT_STANDARD_LIBRARIES = YES;
				BUNDLE_LOADER = "$(TEST_HOST)";
				CODE_SIGN_STYLE = Automatic;
				DEVELOPMENT_TEAM = 6K47ASRSPN;
				INFOPLIST_FILE = SpoonfulTests/Info.plist;
				LD_RUNPATH_SEARCH_PATHS = (
					"$(inherited)",
					"@executable_path/Frameworks",
					"@loader_path/Frameworks",
				);
				PRODUCT_BUNDLE_IDENTIFIER = com.Skybridge.SpoonfulTests;
				PRODUCT_NAME = "$(TARGET_NAME)";
				SWIFT_VERSION = 4.2;
				TARGETED_DEVICE_FAMILY = "1,2";
				TEST_HOST = "$(BUILT_PRODUCTS_DIR)/Spoonful.app/Spoonful";
			};
			name = Release;
		};
		A11A713B215C260600602B52 /* Debug */ = {
			isa = XCBuildConfiguration;
			baseConfigurationReference = B94C9163E9C7189C5342E2F7 /* Pods-SpoonfulUITests.debug.xcconfig */;
			buildSettings = {
				ALWAYS_EMBED_SWIFT_STANDARD_LIBRARIES = YES;
				CODE_SIGN_STYLE = Automatic;
				DEVELOPMENT_TEAM = 6K47ASRSPN;
				INFOPLIST_FILE = SpoonfulUITests/Info.plist;
				LD_RUNPATH_SEARCH_PATHS = (
					"$(inherited)",
					"@executable_path/Frameworks",
					"@loader_path/Frameworks",
				);
				PRODUCT_BUNDLE_IDENTIFIER = com.Skybridge.SpoonfulUITests;
				PRODUCT_NAME = "$(TARGET_NAME)";
				SWIFT_VERSION = 4.2;
				TARGETED_DEVICE_FAMILY = "1,2";
				TEST_TARGET_NAME = Spoonful;
			};
			name = Debug;
		};
		A11A713C215C260600602B52 /* Release */ = {
			isa = XCBuildConfiguration;
			baseConfigurationReference = 2FB9A3813CF7EF462B5D84A1 /* Pods-SpoonfulUITests.release.xcconfig */;
			buildSettings = {
				ALWAYS_EMBED_SWIFT_STANDARD_LIBRARIES = YES;
				CODE_SIGN_STYLE = Automatic;
				DEVELOPMENT_TEAM = 6K47ASRSPN;
				INFOPLIST_FILE = SpoonfulUITests/Info.plist;
				LD_RUNPATH_SEARCH_PATHS = (
					"$(inherited)",
					"@executable_path/Frameworks",
					"@loader_path/Frameworks",
				);
				PRODUCT_BUNDLE_IDENTIFIER = com.Skybridge.SpoonfulUITests;
				PRODUCT_NAME = "$(TARGET_NAME)";
				SWIFT_VERSION = 4.2;
				TARGETED_DEVICE_FAMILY = "1,2";
				TEST_TARGET_NAME = Spoonful;
			};
			name = Release;
		};
/* End XCBuildConfiguration section */

/* Begin XCConfigurationList section */
		A11A7107215C260400602B52 /* Build configuration list for PBXProject "Spoonful" */ = {
			isa = XCConfigurationList;
			buildConfigurations = (
				A11A7132215C260600602B52 /* Debug */,
				A11A7133215C260600602B52 /* Release */,
			);
			defaultConfigurationIsVisible = 0;
			defaultConfigurationName = Release;
		};
		A11A7134215C260600602B52 /* Build configuration list for PBXNativeTarget "Spoonful" */ = {
			isa = XCConfigurationList;
			buildConfigurations = (
				A11A7135215C260600602B52 /* Debug */,
				A11A7136215C260600602B52 /* Release */,
			);
			defaultConfigurationIsVisible = 0;
			defaultConfigurationName = Release;
		};
		A11A7137215C260600602B52 /* Build configuration list for PBXNativeTarget "SpoonfulTests" */ = {
			isa = XCConfigurationList;
			buildConfigurations = (
				A11A7138215C260600602B52 /* Debug */,
				A11A7139215C260600602B52 /* Release */,
			);
			defaultConfigurationIsVisible = 0;
			defaultConfigurationName = Release;
		};
		A11A713A215C260600602B52 /* Build configuration list for PBXNativeTarget "SpoonfulUITests" */ = {
			isa = XCConfigurationList;
			buildConfigurations = (
				A11A713B215C260600602B52 /* Debug */,
				A11A713C215C260600602B52 /* Release */,
			);
			defaultConfigurationIsVisible = 0;
			defaultConfigurationName = Release;
		};
/* End XCConfigurationList section */
	};
	rootObject = A11A7104215C260400602B52 /* Project object */;
}
